
Microsoft Visual Studio Solution File, Format Version 12.00
# Visual Studio Version 16
VisualStudioVersion = 16.0.29020.237
MinimumVisualStudioVersion = 10.0.40219.1
Project("{E53339B2-1760-4266-BCC7-CA923CBCF16C}") = "docker-compose", "docker-compose.dcproj", "{FEA0C318-FFED-4D39-8781-265718CA43DD}"
EndProject
Project("{2150E333-8FDC-42A3-9474-1A3956D46DE8}") = "src", "src", "{932D8224-11F6-4D07-B109-DA28AD288A63}"
EndProject
Project("{2150E333-8FDC-42A3-9474-1A3956D46DE8}") = "Solution Items", "Solution Items", "{3AF739CD-81D8-428D-A08A-0A58372DEBF6}"
	ProjectSection(SolutionItems) = preProject
		NuGet.config = NuGet.config
	EndProjectSection
EndProject
Project("{2150E333-8FDC-42A3-9474-1A3956D46DE8}") = "Services", "Services", "{91CF7717-08AB-4E65-B10E-0B426F01E2E8}"
EndProject
Project("{2150E333-8FDC-42A3-9474-1A3956D46DE8}") = "Web Apps", "Web Apps", "{E279BF0F-7F66-4F3A-A3AB-2CDA66C1CD04}"
EndProject
Project("{2150E333-8FDC-42A3-9474-1A3956D46DE8}") = "BuildingBlocks", "BuildingBlocks", "{DB0EFB20-B024-4E5E-A75C-52143C131D25}"
EndProject
Project("{2150E333-8FDC-42A3-9474-1A3956D46DE8}") = "EventBus", "EventBus", "{807BB76E-B2BB-47A2-A57B-3D1B20FF5E7F}"
EndProject
Project("{9A19103F-16F7-4668-BE54-9A1E7A4F7556}") = "ivmMarkets.GraphCalculation.EventBus", "BuildingBlocks\EventBus\EventBus\ivmMarkets.GraphCalculation.EventBus.csproj", "{0044B293-1DCC-4224-B948-00CF6DC7F510}"
EndProject
Project("{9A19103F-16F7-4668-BE54-9A1E7A4F7556}") = "ivmMarkets.GraphCalculation.EventBusRabbitMQ", "BuildingBlocks\EventBus\EventBusRabbitMQ\ivmMarkets.GraphCalculation.EventBusRabbitMQ.csproj", "{8088F3FC-6787-45FA-A924-816EC81CBFAC}"
EndProject
Project("{9A19103F-16F7-4668-BE54-9A1E7A4F7556}") = "ivmMarkets.GraphCalculation.MVC", "Web\ivmMarkets.GraphCalculation.MVC\ivmMarkets.GraphCalculation.MVC.csproj", "{588ECAB5-325A-47E9-BA62-F383C5B9FEDF}"
EndProject
Project("{9A19103F-16F7-4668-BE54-9A1E7A4F7556}") = "ivmMarkets.GraphCalculation.Result.API", "Services\ivmMarkets.GraphCalculation.Result.API\ivmMarkets.GraphCalculation.Result.API.csproj", "{35D02F6B-FEDF-4367-9DF3-35F06B83BAC7}"
EndProject
Project("{9A19103F-16F7-4668-BE54-9A1E7A4F7556}") = "ivmMarkets.GraphCalculation.InputParameters.API", "Services\ivmMarkets.GraphCalculation.InputParameters.API\ivmMarkets.GraphCalculation.InputParameters.API.csproj", "{19ECB839-BE3E-4AF1-84EE-EADF55CD2EEA}"
EndProject
Project("{FAE04EC0-301F-11D3-BF4B-00C04F79EFBC}") = "ivmMarkets.GraphCalculation.ServiceBase", "Services\ivmMarkets.GraphCalculation.ServiceBase\ivmMarkets.GraphCalculation.ServiceBase.csproj", "{868AC049-ACD4-4E75-92A0-08252E74981C}"
EndProject
Project("{FAE04EC0-301F-11D3-BF4B-00C04F79EFBC}") = "ivmMarkets.GraphCalculation.BuildingBlocks", "BuildingBlocks\ivmMarkets.GraphCalculation.BuildingBlocks\ivmMarkets.GraphCalculation.BuildingBlocks.csproj", "{BE935B82-7634-434C-8EAE-831B74826C69}"
EndProject
Project("{FAE04EC0-301F-11D3-BF4B-00C04F79EFBC}") = "ivmMarkets.GraphCalculation.Fab.API", "Services\ivmMarkets.GraphCalculation.Fab.API\ivmMarkets.GraphCalculation.Fab.API.csproj", "{2688B4AB-BDB4-4360-8F77-673661FEA7CC}"
EndProject
Project("{FAE04EC0-301F-11D3-BF4B-00C04F79EFBC}") = "ivmMarkets.GraphCalculation.Fcd.API", "Services\ivmMarkets.GraphCalculation.Fcd.API\ivmMarkets.GraphCalculation.Fcd.API.csproj", "{F521FFD5-CCDD-4DFD-9243-01617120F931}"
EndProject
Project("{FAE04EC0-301F-11D3-BF4B-00C04F79EFBC}") = "ivmMarkets.GraphCalculation.Fx.API", "Services\ivmMarkets.GraphCalculation.Fx.API\ivmMarkets.GraphCalculation.Fx.API.csproj", "{90AC3AAB-8160-4217-A437-95F39546E5D6}"
EndProject
Project("{FAE04EC0-301F-11D3-BF4B-00C04F79EFBC}") = "ivmMarkets.GraphCalculation.Fy.API", "Services\ivmMarkets.GraphCalculation.Fy.API\ivmMarkets.GraphCalculation.Fy.API.csproj", "{C78E563E-524F-4938-A7D9-A3B622DF10F3}"
EndProject
Project("{FAE04EC0-301F-11D3-BF4B-00C04F79EFBC}") = "ivmMarkets.GraphCalculation.Fe.API", "Services\ivmMarkets.GraphCalculation.Fe.API\ivmMarkets.GraphCalculation.Fe.API.csproj", "{4FFF222F-3935-4F55-B938-D3205BE6E40D}"
EndProject
Global
	GlobalSection(SolutionConfigurationPlatforms) = preSolution
		Ad-Hoc|Any CPU = Ad-Hoc|Any CPU
		Ad-Hoc|ARM = Ad-Hoc|ARM
		Ad-Hoc|iPhone = Ad-Hoc|iPhone
		Ad-Hoc|iPhoneSimulator = Ad-Hoc|iPhoneSimulator
		Ad-Hoc|x64 = Ad-Hoc|x64
		Ad-Hoc|x86 = Ad-Hoc|x86
		AppStore|Any CPU = AppStore|Any CPU
		AppStore|ARM = AppStore|ARM
		AppStore|iPhone = AppStore|iPhone
		AppStore|iPhoneSimulator = AppStore|iPhoneSimulator
		AppStore|x64 = AppStore|x64
		AppStore|x86 = AppStore|x86
		Debug|Any CPU = Debug|Any CPU
		Debug|ARM = Debug|ARM
		Debug|iPhone = Debug|iPhone
		Debug|iPhoneSimulator = Debug|iPhoneSimulator
		Debug|x64 = Debug|x64
		Debug|x86 = Debug|x86
		Release|Any CPU = Release|Any CPU
		Release|ARM = Release|ARM
		Release|iPhone = Release|iPhone
		Release|iPhoneSimulator = Release|iPhoneSimulator
		Release|x64 = Release|x64
		Release|x86 = Release|x86
	EndGlobalSection
	GlobalSection(ProjectConfigurationPlatforms) = postSolution
		{FEA0C318-FFED-4D39-8781-265718CA43DD}.Ad-Hoc|Any CPU.ActiveCfg = Debug|Any CPU
		{FEA0C318-FFED-4D39-8781-265718CA43DD}.Ad-Hoc|Any CPU.Build.0 = Debug|Any CPU
		{FEA0C318-FFED-4D39-8781-265718CA43DD}.Ad-Hoc|ARM.ActiveCfg = Debug|Any CPU
		{FEA0C318-FFED-4D39-8781-265718CA43DD}.Ad-Hoc|ARM.Build.0 = Debug|Any CPU
		{FEA0C318-FFED-4D39-8781-265718CA43DD}.Ad-Hoc|iPhone.ActiveCfg = Debug|Any CPU
		{FEA0C318-FFED-4D39-8781-265718CA43DD}.Ad-Hoc|iPhone.Build.0 = Debug|Any CPU
		{FEA0C318-FFED-4D39-8781-265718CA43DD}.Ad-Hoc|iPhoneSimulator.ActiveCfg = Debug|Any CPU
		{FEA0C318-FFED-4D39-8781-265718CA43DD}.Ad-Hoc|iPhoneSimulator.Build.0 = Debug|Any CPU
		{FEA0C318-FFED-4D39-8781-265718CA43DD}.Ad-Hoc|x64.ActiveCfg = Debug|Any CPU
		{FEA0C318-FFED-4D39-8781-265718CA43DD}.Ad-Hoc|x64.Build.0 = Debug|Any CPU
		{FEA0C318-FFED-4D39-8781-265718CA43DD}.Ad-Hoc|x86.ActiveCfg = Debug|Any CPU
		{FEA0C318-FFED-4D39-8781-265718CA43DD}.Ad-Hoc|x86.Build.0 = Debug|Any CPU
		{FEA0C318-FFED-4D39-8781-265718CA43DD}.AppStore|Any CPU.ActiveCfg = Debug|Any CPU
		{FEA0C318-FFED-4D39-8781-265718CA43DD}.AppStore|Any CPU.Build.0 = Debug|Any CPU
		{FEA0C318-FFED-4D39-8781-265718CA43DD}.AppStore|ARM.ActiveCfg = Debug|Any CPU
		{FEA0C318-FFED-4D39-8781-265718CA43DD}.AppStore|ARM.Build.0 = Debug|Any CPU
		{FEA0C318-FFED-4D39-8781-265718CA43DD}.AppStore|iPhone.ActiveCfg = Debug|Any CPU
		{FEA0C318-FFED-4D39-8781-265718CA43DD}.AppStore|iPhone.Build.0 = Debug|Any CPU
		{FEA0C318-FFED-4D39-8781-265718CA43DD}.AppStore|iPhoneSimulator.ActiveCfg = Debug|Any CPU
		{FEA0C318-FFED-4D39-8781-265718CA43DD}.AppStore|iPhoneSimulator.Build.0 = Debug|Any CPU
		{FEA0C318-FFED-4D39-8781-265718CA43DD}.AppStore|x64.ActiveCfg = Debug|Any CPU
		{FEA0C318-FFED-4D39-8781-265718CA43DD}.AppStore|x64.Build.0 = Debug|Any CPU
		{FEA0C318-FFED-4D39-8781-265718CA43DD}.AppStore|x86.ActiveCfg = Debug|Any CPU
		{FEA0C318-FFED-4D39-8781-265718CA43DD}.AppStore|x86.Build.0 = Debug|Any CPU
		{FEA0C318-FFED-4D39-8781-265718CA43DD}.Debug|Any CPU.ActiveCfg = Debug|Any CPU
		{FEA0C318-FFED-4D39-8781-265718CA43DD}.Debug|Any CPU.Build.0 = Debug|Any CPU
		{FEA0C318-FFED-4D39-8781-265718CA43DD}.Debug|ARM.ActiveCfg = Debug|Any CPU
		{FEA0C318-FFED-4D39-8781-265718CA43DD}.Debug|ARM.Build.0 = Debug|Any CPU
		{FEA0C318-FFED-4D39-8781-265718CA43DD}.Debug|iPhone.ActiveCfg = Debug|Any CPU
		{FEA0C318-FFED-4D39-8781-265718CA43DD}.Debug|iPhone.Build.0 = Debug|Any CPU
		{FEA0C318-FFED-4D39-8781-265718CA43DD}.Debug|iPhoneSimulator.ActiveCfg = Debug|Any CPU
		{FEA0C318-FFED-4D39-8781-265718CA43DD}.Debug|iPhoneSimulator.Build.0 = Debug|Any CPU
		{FEA0C318-FFED-4D39-8781-265718CA43DD}.Debug|x64.ActiveCfg = Debug|Any CPU
		{FEA0C318-FFED-4D39-8781-265718CA43DD}.Debug|x64.Build.0 = Debug|Any CPU
		{FEA0C318-FFED-4D39-8781-265718CA43DD}.Debug|x86.ActiveCfg = Debug|Any CPU
		{FEA0C318-FFED-4D39-8781-265718CA43DD}.Debug|x86.Build.0 = Debug|Any CPU
		{FEA0C318-FFED-4D39-8781-265718CA43DD}.Release|Any CPU.ActiveCfg = Release|Any CPU
		{FEA0C318-FFED-4D39-8781-265718CA43DD}.Release|Any CPU.Build.0 = Release|Any CPU
		{FEA0C318-FFED-4D39-8781-265718CA43DD}.Release|ARM.ActiveCfg = Release|Any CPU
		{FEA0C318-FFED-4D39-8781-265718CA43DD}.Release|ARM.Build.0 = Release|Any CPU
		{FEA0C318-FFED-4D39-8781-265718CA43DD}.Release|iPhone.ActiveCfg = Release|Any CPU
		{FEA0C318-FFED-4D39-8781-265718CA43DD}.Release|iPhone.Build.0 = Release|Any CPU
		{FEA0C318-FFED-4D39-8781-265718CA43DD}.Release|iPhoneSimulator.ActiveCfg = Release|Any CPU
		{FEA0C318-FFED-4D39-8781-265718CA43DD}.Release|iPhoneSimulator.Build.0 = Release|Any CPU
		{FEA0C318-FFED-4D39-8781-265718CA43DD}.Release|x64.ActiveCfg = Release|Any CPU
		{FEA0C318-FFED-4D39-8781-265718CA43DD}.Release|x64.Build.0 = Release|Any CPU
		{FEA0C318-FFED-4D39-8781-265718CA43DD}.Release|x86.ActiveCfg = Release|Any CPU
		{FEA0C318-FFED-4D39-8781-265718CA43DD}.Release|x86.Build.0 = Release|Any CPU
		{0044B293-1DCC-4224-B948-00CF6DC7F510}.Ad-Hoc|Any CPU.ActiveCfg = Debug|Any CPU
		{0044B293-1DCC-4224-B948-00CF6DC7F510}.Ad-Hoc|Any CPU.Build.0 = Debug|Any CPU
		{0044B293-1DCC-4224-B948-00CF6DC7F510}.Ad-Hoc|ARM.ActiveCfg = Debug|Any CPU
		{0044B293-1DCC-4224-B948-00CF6DC7F510}.Ad-Hoc|ARM.Build.0 = Debug|Any CPU
		{0044B293-1DCC-4224-B948-00CF6DC7F510}.Ad-Hoc|iPhone.ActiveCfg = Debug|Any CPU
		{0044B293-1DCC-4224-B948-00CF6DC7F510}.Ad-Hoc|iPhone.Build.0 = Debug|Any CPU
		{0044B293-1DCC-4224-B948-00CF6DC7F510}.Ad-Hoc|iPhoneSimulator.ActiveCfg = Debug|Any CPU
		{0044B293-1DCC-4224-B948-00CF6DC7F510}.Ad-Hoc|iPhoneSimulator.Build.0 = Debug|Any CPU
		{0044B293-1DCC-4224-B948-00CF6DC7F510}.Ad-Hoc|x64.ActiveCfg = Debug|Any CPU
		{0044B293-1DCC-4224-B948-00CF6DC7F510}.Ad-Hoc|x64.Build.0 = Debug|Any CPU
		{0044B293-1DCC-4224-B948-00CF6DC7F510}.Ad-Hoc|x86.ActiveCfg = Debug|Any CPU
		{0044B293-1DCC-4224-B948-00CF6DC7F510}.Ad-Hoc|x86.Build.0 = Debug|Any CPU
		{0044B293-1DCC-4224-B948-00CF6DC7F510}.AppStore|Any CPU.ActiveCfg = Debug|Any CPU
		{0044B293-1DCC-4224-B948-00CF6DC7F510}.AppStore|Any CPU.Build.0 = Debug|Any CPU
		{0044B293-1DCC-4224-B948-00CF6DC7F510}.AppStore|ARM.ActiveCfg = Debug|Any CPU
		{0044B293-1DCC-4224-B948-00CF6DC7F510}.AppStore|ARM.Build.0 = Debug|Any CPU
		{0044B293-1DCC-4224-B948-00CF6DC7F510}.AppStore|iPhone.ActiveCfg = Debug|Any CPU
		{0044B293-1DCC-4224-B948-00CF6DC7F510}.AppStore|iPhone.Build.0 = Debug|Any CPU
		{0044B293-1DCC-4224-B948-00CF6DC7F510}.AppStore|iPhoneSimulator.ActiveCfg = Debug|Any CPU
		{0044B293-1DCC-4224-B948-00CF6DC7F510}.AppStore|iPhoneSimulator.Build.0 = Debug|Any CPU
		{0044B293-1DCC-4224-B948-00CF6DC7F510}.AppStore|x64.ActiveCfg = Debug|Any CPU
		{0044B293-1DCC-4224-B948-00CF6DC7F510}.AppStore|x64.Build.0 = Debug|Any CPU
		{0044B293-1DCC-4224-B948-00CF6DC7F510}.AppStore|x86.ActiveCfg = Debug|Any CPU
		{0044B293-1DCC-4224-B948-00CF6DC7F510}.AppStore|x86.Build.0 = Debug|Any CPU
		{0044B293-1DCC-4224-B948-00CF6DC7F510}.Debug|Any CPU.ActiveCfg = Debug|Any CPU
		{0044B293-1DCC-4224-B948-00CF6DC7F510}.Debug|Any CPU.Build.0 = Debug|Any CPU
		{0044B293-1DCC-4224-B948-00CF6DC7F510}.Debug|ARM.ActiveCfg = Debug|Any CPU
		{0044B293-1DCC-4224-B948-00CF6DC7F510}.Debug|ARM.Build.0 = Debug|Any CPU
		{0044B293-1DCC-4224-B948-00CF6DC7F510}.Debug|iPhone.ActiveCfg = Debug|Any CPU
		{0044B293-1DCC-4224-B948-00CF6DC7F510}.Debug|iPhone.Build.0 = Debug|Any CPU
		{0044B293-1DCC-4224-B948-00CF6DC7F510}.Debug|iPhoneSimulator.ActiveCfg = Debug|Any CPU
		{0044B293-1DCC-4224-B948-00CF6DC7F510}.Debug|iPhoneSimulator.Build.0 = Debug|Any CPU
		{0044B293-1DCC-4224-B948-00CF6DC7F510}.Debug|x64.ActiveCfg = Debug|Any CPU
		{0044B293-1DCC-4224-B948-00CF6DC7F510}.Debug|x64.Build.0 = Debug|Any CPU
		{0044B293-1DCC-4224-B948-00CF6DC7F510}.Debug|x86.ActiveCfg = Debug|Any CPU
		{0044B293-1DCC-4224-B948-00CF6DC7F510}.Debug|x86.Build.0 = Debug|Any CPU
		{0044B293-1DCC-4224-B948-00CF6DC7F510}.Release|Any CPU.ActiveCfg = Release|Any CPU
		{0044B293-1DCC-4224-B948-00CF6DC7F510}.Release|Any CPU.Build.0 = Release|Any CPU
		{0044B293-1DCC-4224-B948-00CF6DC7F510}.Release|ARM.ActiveCfg = Release|Any CPU
		{0044B293-1DCC-4224-B948-00CF6DC7F510}.Release|ARM.Build.0 = Release|Any CPU
		{0044B293-1DCC-4224-B948-00CF6DC7F510}.Release|iPhone.ActiveCfg = Release|Any CPU
		{0044B293-1DCC-4224-B948-00CF6DC7F510}.Release|iPhone.Build.0 = Release|Any CPU
		{0044B293-1DCC-4224-B948-00CF6DC7F510}.Release|iPhoneSimulator.ActiveCfg = Release|Any CPU
		{0044B293-1DCC-4224-B948-00CF6DC7F510}.Release|iPhoneSimulator.Build.0 = Release|Any CPU
		{0044B293-1DCC-4224-B948-00CF6DC7F510}.Release|x64.ActiveCfg = Release|Any CPU
		{0044B293-1DCC-4224-B948-00CF6DC7F510}.Release|x64.Build.0 = Release|Any CPU
		{0044B293-1DCC-4224-B948-00CF6DC7F510}.Release|x86.ActiveCfg = Release|Any CPU
		{0044B293-1DCC-4224-B948-00CF6DC7F510}.Release|x86.Build.0 = Release|Any CPU
		{8088F3FC-6787-45FA-A924-816EC81CBFAC}.Ad-Hoc|Any CPU.ActiveCfg = Debug|Any CPU
		{8088F3FC-6787-45FA-A924-816EC81CBFAC}.Ad-Hoc|Any CPU.Build.0 = Debug|Any CPU
		{8088F3FC-6787-45FA-A924-816EC81CBFAC}.Ad-Hoc|ARM.ActiveCfg = Debug|Any CPU
		{8088F3FC-6787-45FA-A924-816EC81CBFAC}.Ad-Hoc|ARM.Build.0 = Debug|Any CPU
		{8088F3FC-6787-45FA-A924-816EC81CBFAC}.Ad-Hoc|iPhone.ActiveCfg = Debug|Any CPU
		{8088F3FC-6787-45FA-A924-816EC81CBFAC}.Ad-Hoc|iPhone.Build.0 = Debug|Any CPU
		{8088F3FC-6787-45FA-A924-816EC81CBFAC}.Ad-Hoc|iPhoneSimulator.ActiveCfg = Debug|Any CPU
		{8088F3FC-6787-45FA-A924-816EC81CBFAC}.Ad-Hoc|iPhoneSimulator.Build.0 = Debug|Any CPU
		{8088F3FC-6787-45FA-A924-816EC81CBFAC}.Ad-Hoc|x64.ActiveCfg = Debug|Any CPU
		{8088F3FC-6787-45FA-A924-816EC81CBFAC}.Ad-Hoc|x64.Build.0 = Debug|Any CPU
		{8088F3FC-6787-45FA-A924-816EC81CBFAC}.Ad-Hoc|x86.ActiveCfg = Debug|Any CPU
		{8088F3FC-6787-45FA-A924-816EC81CBFAC}.Ad-Hoc|x86.Build.0 = Debug|Any CPU
		{8088F3FC-6787-45FA-A924-816EC81CBFAC}.AppStore|Any CPU.ActiveCfg = Debug|Any CPU
		{8088F3FC-6787-45FA-A924-816EC81CBFAC}.AppStore|Any CPU.Build.0 = Debug|Any CPU
		{8088F3FC-6787-45FA-A924-816EC81CBFAC}.AppStore|ARM.ActiveCfg = Debug|Any CPU
		{8088F3FC-6787-45FA-A924-816EC81CBFAC}.AppStore|ARM.Build.0 = Debug|Any CPU
		{8088F3FC-6787-45FA-A924-816EC81CBFAC}.AppStore|iPhone.ActiveCfg = Debug|Any CPU
		{8088F3FC-6787-45FA-A924-816EC81CBFAC}.AppStore|iPhone.Build.0 = Debug|Any CPU
		{8088F3FC-6787-45FA-A924-816EC81CBFAC}.AppStore|iPhoneSimulator.ActiveCfg = Debug|Any CPU
		{8088F3FC-6787-45FA-A924-816EC81CBFAC}.AppStore|iPhoneSimulator.Build.0 = Debug|Any CPU
		{8088F3FC-6787-45FA-A924-816EC81CBFAC}.AppStore|x64.ActiveCfg = Debug|Any CPU
		{8088F3FC-6787-45FA-A924-816EC81CBFAC}.AppStore|x64.Build.0 = Debug|Any CPU
		{8088F3FC-6787-45FA-A924-816EC81CBFAC}.AppStore|x86.ActiveCfg = Debug|Any CPU
		{8088F3FC-6787-45FA-A924-816EC81CBFAC}.AppStore|x86.Build.0 = Debug|Any CPU
		{8088F3FC-6787-45FA-A924-816EC81CBFAC}.Debug|Any CPU.ActiveCfg = Debug|Any CPU
		{8088F3FC-6787-45FA-A924-816EC81CBFAC}.Debug|Any CPU.Build.0 = Debug|Any CPU
		{8088F3FC-6787-45FA-A924-816EC81CBFAC}.Debug|ARM.ActiveCfg = Debug|Any CPU
		{8088F3FC-6787-45FA-A924-816EC81CBFAC}.Debug|ARM.Build.0 = Debug|Any CPU
		{8088F3FC-6787-45FA-A924-816EC81CBFAC}.Debug|iPhone.ActiveCfg = Debug|Any CPU
		{8088F3FC-6787-45FA-A924-816EC81CBFAC}.Debug|iPhone.Build.0 = Debug|Any CPU
		{8088F3FC-6787-45FA-A924-816EC81CBFAC}.Debug|iPhoneSimulator.ActiveCfg = Debug|Any CPU
		{8088F3FC-6787-45FA-A924-816EC81CBFAC}.Debug|iPhoneSimulator.Build.0 = Debug|Any CPU
		{8088F3FC-6787-45FA-A924-816EC81CBFAC}.Debug|x64.ActiveCfg = Debug|Any CPU
		{8088F3FC-6787-45FA-A924-816EC81CBFAC}.Debug|x64.Build.0 = Debug|Any CPU
		{8088F3FC-6787-45FA-A924-816EC81CBFAC}.Debug|x86.ActiveCfg = Debug|Any CPU
		{8088F3FC-6787-45FA-A924-816EC81CBFAC}.Debug|x86.Build.0 = Debug|Any CPU
		{8088F3FC-6787-45FA-A924-816EC81CBFAC}.Release|Any CPU.ActiveCfg = Release|Any CPU
		{8088F3FC-6787-45FA-A924-816EC81CBFAC}.Release|Any CPU.Build.0 = Release|Any CPU
		{8088F3FC-6787-45FA-A924-816EC81CBFAC}.Release|ARM.ActiveCfg = Release|Any CPU
		{8088F3FC-6787-45FA-A924-816EC81CBFAC}.Release|ARM.Build.0 = Release|Any CPU
		{8088F3FC-6787-45FA-A924-816EC81CBFAC}.Release|iPhone.ActiveCfg = Release|Any CPU
		{8088F3FC-6787-45FA-A924-816EC81CBFAC}.Release|iPhone.Build.0 = Release|Any CPU
		{8088F3FC-6787-45FA-A924-816EC81CBFAC}.Release|iPhoneSimulator.ActiveCfg = Release|Any CPU
		{8088F3FC-6787-45FA-A924-816EC81CBFAC}.Release|iPhoneSimulator.Build.0 = Release|Any CPU
		{8088F3FC-6787-45FA-A924-816EC81CBFAC}.Release|x64.ActiveCfg = Release|Any CPU
		{8088F3FC-6787-45FA-A924-816EC81CBFAC}.Release|x64.Build.0 = Release|Any CPU
		{8088F3FC-6787-45FA-A924-816EC81CBFAC}.Release|x86.ActiveCfg = Release|Any CPU
		{8088F3FC-6787-45FA-A924-816EC81CBFAC}.Release|x86.Build.0 = Release|Any CPU
		{588ECAB5-325A-47E9-BA62-F383C5B9FEDF}.Ad-Hoc|Any CPU.ActiveCfg = Debug|Any CPU
		{588ECAB5-325A-47E9-BA62-F383C5B9FEDF}.Ad-Hoc|Any CPU.Build.0 = Debug|Any CPU
		{588ECAB5-325A-47E9-BA62-F383C5B9FEDF}.Ad-Hoc|ARM.ActiveCfg = Debug|Any CPU
		{588ECAB5-325A-47E9-BA62-F383C5B9FEDF}.Ad-Hoc|ARM.Build.0 = Debug|Any CPU
		{588ECAB5-325A-47E9-BA62-F383C5B9FEDF}.Ad-Hoc|iPhone.ActiveCfg = Debug|Any CPU
		{588ECAB5-325A-47E9-BA62-F383C5B9FEDF}.Ad-Hoc|iPhone.Build.0 = Debug|Any CPU
		{588ECAB5-325A-47E9-BA62-F383C5B9FEDF}.Ad-Hoc|iPhoneSimulator.ActiveCfg = Debug|Any CPU
		{588ECAB5-325A-47E9-BA62-F383C5B9FEDF}.Ad-Hoc|iPhoneSimulator.Build.0 = Debug|Any CPU
		{588ECAB5-325A-47E9-BA62-F383C5B9FEDF}.Ad-Hoc|x64.ActiveCfg = Debug|Any CPU
		{588ECAB5-325A-47E9-BA62-F383C5B9FEDF}.Ad-Hoc|x64.Build.0 = Debug|Any CPU
		{588ECAB5-325A-47E9-BA62-F383C5B9FEDF}.Ad-Hoc|x86.ActiveCfg = Debug|Any CPU
		{588ECAB5-325A-47E9-BA62-F383C5B9FEDF}.Ad-Hoc|x86.Build.0 = Debug|Any CPU
		{588ECAB5-325A-47E9-BA62-F383C5B9FEDF}.AppStore|Any CPU.ActiveCfg = Debug|Any CPU
		{588ECAB5-325A-47E9-BA62-F383C5B9FEDF}.AppStore|Any CPU.Build.0 = Debug|Any CPU
		{588ECAB5-325A-47E9-BA62-F383C5B9FEDF}.AppStore|ARM.ActiveCfg = Debug|Any CPU
		{588ECAB5-325A-47E9-BA62-F383C5B9FEDF}.AppStore|ARM.Build.0 = Debug|Any CPU
		{588ECAB5-325A-47E9-BA62-F383C5B9FEDF}.AppStore|iPhone.ActiveCfg = Debug|Any CPU
		{588ECAB5-325A-47E9-BA62-F383C5B9FEDF}.AppStore|iPhone.Build.0 = Debug|Any CPU
		{588ECAB5-325A-47E9-BA62-F383C5B9FEDF}.AppStore|iPhoneSimulator.ActiveCfg = Debug|Any CPU
		{588ECAB5-325A-47E9-BA62-F383C5B9FEDF}.AppStore|iPhoneSimulator.Build.0 = Debug|Any CPU
		{588ECAB5-325A-47E9-BA62-F383C5B9FEDF}.AppStore|x64.ActiveCfg = Debug|Any CPU
		{588ECAB5-325A-47E9-BA62-F383C5B9FEDF}.AppStore|x64.Build.0 = Debug|Any CPU
		{588ECAB5-325A-47E9-BA62-F383C5B9FEDF}.AppStore|x86.ActiveCfg = Debug|Any CPU
		{588ECAB5-325A-47E9-BA62-F383C5B9FEDF}.AppStore|x86.Build.0 = Debug|Any CPU
		{588ECAB5-325A-47E9-BA62-F383C5B9FEDF}.Debug|Any CPU.ActiveCfg = Debug|Any CPU
		{588ECAB5-325A-47E9-BA62-F383C5B9FEDF}.Debug|Any CPU.Build.0 = Debug|Any CPU
		{588ECAB5-325A-47E9-BA62-F383C5B9FEDF}.Debug|ARM.ActiveCfg = Debug|Any CPU
		{588ECAB5-325A-47E9-BA62-F383C5B9FEDF}.Debug|ARM.Build.0 = Debug|Any CPU
		{588ECAB5-325A-47E9-BA62-F383C5B9FEDF}.Debug|iPhone.ActiveCfg = Debug|Any CPU
		{588ECAB5-325A-47E9-BA62-F383C5B9FEDF}.Debug|iPhone.Build.0 = Debug|Any CPU
		{588ECAB5-325A-47E9-BA62-F383C5B9FEDF}.Debug|iPhoneSimulator.ActiveCfg = Debug|Any CPU
		{588ECAB5-325A-47E9-BA62-F383C5B9FEDF}.Debug|iPhoneSimulator.Build.0 = Debug|Any CPU
		{588ECAB5-325A-47E9-BA62-F383C5B9FEDF}.Debug|x64.ActiveCfg = Debug|Any CPU
		{588ECAB5-325A-47E9-BA62-F383C5B9FEDF}.Debug|x64.Build.0 = Debug|Any CPU
		{588ECAB5-325A-47E9-BA62-F383C5B9FEDF}.Debug|x86.ActiveCfg = Debug|Any CPU
		{588ECAB5-325A-47E9-BA62-F383C5B9FEDF}.Debug|x86.Build.0 = Debug|Any CPU
		{588ECAB5-325A-47E9-BA62-F383C5B9FEDF}.Release|Any CPU.ActiveCfg = Release|Any CPU
		{588ECAB5-325A-47E9-BA62-F383C5B9FEDF}.Release|Any CPU.Build.0 = Release|Any CPU
		{588ECAB5-325A-47E9-BA62-F383C5B9FEDF}.Release|ARM.ActiveCfg = Release|Any CPU
		{588ECAB5-325A-47E9-BA62-F383C5B9FEDF}.Release|ARM.Build.0 = Release|Any CPU
		{588ECAB5-325A-47E9-BA62-F383C5B9FEDF}.Release|iPhone.ActiveCfg = Release|Any CPU
		{588ECAB5-325A-47E9-BA62-F383C5B9FEDF}.Release|iPhone.Build.0 = Release|Any CPU
		{588ECAB5-325A-47E9-BA62-F383C5B9FEDF}.Release|iPhoneSimulator.ActiveCfg = Release|Any CPU
		{588ECAB5-325A-47E9-BA62-F383C5B9FEDF}.Release|iPhoneSimulator.Build.0 = Release|Any CPU
		{588ECAB5-325A-47E9-BA62-F383C5B9FEDF}.Release|x64.ActiveCfg = Release|Any CPU
		{588ECAB5-325A-47E9-BA62-F383C5B9FEDF}.Release|x64.Build.0 = Release|Any CPU
		{588ECAB5-325A-47E9-BA62-F383C5B9FEDF}.Release|x86.ActiveCfg = Release|Any CPU
		{588ECAB5-325A-47E9-BA62-F383C5B9FEDF}.Release|x86.Build.0 = Release|Any CPU
		{35D02F6B-FEDF-4367-9DF3-35F06B83BAC7}.Ad-Hoc|Any CPU.ActiveCfg = Debug|Any CPU
		{35D02F6B-FEDF-4367-9DF3-35F06B83BAC7}.Ad-Hoc|Any CPU.Build.0 = Debug|Any CPU
		{35D02F6B-FEDF-4367-9DF3-35F06B83BAC7}.Ad-Hoc|ARM.ActiveCfg = Debug|Any CPU
		{35D02F6B-FEDF-4367-9DF3-35F06B83BAC7}.Ad-Hoc|ARM.Build.0 = Debug|Any CPU
		{35D02F6B-FEDF-4367-9DF3-35F06B83BAC7}.Ad-Hoc|iPhone.ActiveCfg = Debug|Any CPU
		{35D02F6B-FEDF-4367-9DF3-35F06B83BAC7}.Ad-Hoc|iPhone.Build.0 = Debug|Any CPU
		{35D02F6B-FEDF-4367-9DF3-35F06B83BAC7}.Ad-Hoc|iPhoneSimulator.ActiveCfg = Debug|Any CPU
		{35D02F6B-FEDF-4367-9DF3-35F06B83BAC7}.Ad-Hoc|iPhoneSimulator.Build.0 = Debug|Any CPU
		{35D02F6B-FEDF-4367-9DF3-35F06B83BAC7}.Ad-Hoc|x64.ActiveCfg = Debug|Any CPU
		{35D02F6B-FEDF-4367-9DF3-35F06B83BAC7}.Ad-Hoc|x64.Build.0 = Debug|Any CPU
		{35D02F6B-FEDF-4367-9DF3-35F06B83BAC7}.Ad-Hoc|x86.ActiveCfg = Debug|Any CPU
		{35D02F6B-FEDF-4367-9DF3-35F06B83BAC7}.Ad-Hoc|x86.Build.0 = Debug|Any CPU
		{35D02F6B-FEDF-4367-9DF3-35F06B83BAC7}.AppStore|Any CPU.ActiveCfg = Debug|Any CPU
		{35D02F6B-FEDF-4367-9DF3-35F06B83BAC7}.AppStore|Any CPU.Build.0 = Debug|Any CPU
		{35D02F6B-FEDF-4367-9DF3-35F06B83BAC7}.AppStore|ARM.ActiveCfg = Debug|Any CPU
		{35D02F6B-FEDF-4367-9DF3-35F06B83BAC7}.AppStore|ARM.Build.0 = Debug|Any CPU
		{35D02F6B-FEDF-4367-9DF3-35F06B83BAC7}.AppStore|iPhone.ActiveCfg = Debug|Any CPU
		{35D02F6B-FEDF-4367-9DF3-35F06B83BAC7}.AppStore|iPhone.Build.0 = Debug|Any CPU
		{35D02F6B-FEDF-4367-9DF3-35F06B83BAC7}.AppStore|iPhoneSimulator.ActiveCfg = Debug|Any CPU
		{35D02F6B-FEDF-4367-9DF3-35F06B83BAC7}.AppStore|iPhoneSimulator.Build.0 = Debug|Any CPU
		{35D02F6B-FEDF-4367-9DF3-35F06B83BAC7}.AppStore|x64.ActiveCfg = Debug|Any CPU
		{35D02F6B-FEDF-4367-9DF3-35F06B83BAC7}.AppStore|x64.Build.0 = Debug|Any CPU
		{35D02F6B-FEDF-4367-9DF3-35F06B83BAC7}.AppStore|x86.ActiveCfg = Debug|Any CPU
		{35D02F6B-FEDF-4367-9DF3-35F06B83BAC7}.AppStore|x86.Build.0 = Debug|Any CPU
		{35D02F6B-FEDF-4367-9DF3-35F06B83BAC7}.Debug|Any CPU.ActiveCfg = Debug|Any CPU
		{35D02F6B-FEDF-4367-9DF3-35F06B83BAC7}.Debug|Any CPU.Build.0 = Debug|Any CPU
		{35D02F6B-FEDF-4367-9DF3-35F06B83BAC7}.Debug|ARM.ActiveCfg = Debug|Any CPU
		{35D02F6B-FEDF-4367-9DF3-35F06B83BAC7}.Debug|ARM.Build.0 = Debug|Any CPU
		{35D02F6B-FEDF-4367-9DF3-35F06B83BAC7}.Debug|iPhone.ActiveCfg = Debug|Any CPU
		{35D02F6B-FEDF-4367-9DF3-35F06B83BAC7}.Debug|iPhone.Build.0 = Debug|Any CPU
		{35D02F6B-FEDF-4367-9DF3-35F06B83BAC7}.Debug|iPhoneSimulator.ActiveCfg = Debug|Any CPU
		{35D02F6B-FEDF-4367-9DF3-35F06B83BAC7}.Debug|iPhoneSimulator.Build.0 = Debug|Any CPU
		{35D02F6B-FEDF-4367-9DF3-35F06B83BAC7}.Debug|x64.ActiveCfg = Debug|Any CPU
		{35D02F6B-FEDF-4367-9DF3-35F06B83BAC7}.Debug|x64.Build.0 = Debug|Any CPU
		{35D02F6B-FEDF-4367-9DF3-35F06B83BAC7}.Debug|x86.ActiveCfg = Debug|Any CPU
		{35D02F6B-FEDF-4367-9DF3-35F06B83BAC7}.Debug|x86.Build.0 = Debug|Any CPU
		{35D02F6B-FEDF-4367-9DF3-35F06B83BAC7}.Release|Any CPU.ActiveCfg = Release|Any CPU
		{35D02F6B-FEDF-4367-9DF3-35F06B83BAC7}.Release|Any CPU.Build.0 = Release|Any CPU
		{35D02F6B-FEDF-4367-9DF3-35F06B83BAC7}.Release|ARM.ActiveCfg = Release|Any CPU
		{35D02F6B-FEDF-4367-9DF3-35F06B83BAC7}.Release|ARM.Build.0 = Release|Any CPU
		{35D02F6B-FEDF-4367-9DF3-35F06B83BAC7}.Release|iPhone.ActiveCfg = Release|Any CPU
		{35D02F6B-FEDF-4367-9DF3-35F06B83BAC7}.Release|iPhone.Build.0 = Release|Any CPU
		{35D02F6B-FEDF-4367-9DF3-35F06B83BAC7}.Release|iPhoneSimulator.ActiveCfg = Release|Any CPU
		{35D02F6B-FEDF-4367-9DF3-35F06B83BAC7}.Release|iPhoneSimulator.Build.0 = Release|Any CPU
		{35D02F6B-FEDF-4367-9DF3-35F06B83BAC7}.Release|x64.ActiveCfg = Release|Any CPU
		{35D02F6B-FEDF-4367-9DF3-35F06B83BAC7}.Release|x64.Build.0 = Release|Any CPU
		{35D02F6B-FEDF-4367-9DF3-35F06B83BAC7}.Release|x86.ActiveCfg = Release|Any CPU
		{35D02F6B-FEDF-4367-9DF3-35F06B83BAC7}.Release|x86.Build.0 = Release|Any CPU
		{19ECB839-BE3E-4AF1-84EE-EADF55CD2EEA}.Ad-Hoc|Any CPU.ActiveCfg = Debug|Any CPU
		{19ECB839-BE3E-4AF1-84EE-EADF55CD2EEA}.Ad-Hoc|Any CPU.Build.0 = Debug|Any CPU
		{19ECB839-BE3E-4AF1-84EE-EADF55CD2EEA}.Ad-Hoc|ARM.ActiveCfg = Debug|Any CPU
		{19ECB839-BE3E-4AF1-84EE-EADF55CD2EEA}.Ad-Hoc|ARM.Build.0 = Debug|Any CPU
		{19ECB839-BE3E-4AF1-84EE-EADF55CD2EEA}.Ad-Hoc|iPhone.ActiveCfg = Debug|Any CPU
		{19ECB839-BE3E-4AF1-84EE-EADF55CD2EEA}.Ad-Hoc|iPhone.Build.0 = Debug|Any CPU
		{19ECB839-BE3E-4AF1-84EE-EADF55CD2EEA}.Ad-Hoc|iPhoneSimulator.ActiveCfg = Debug|Any CPU
		{19ECB839-BE3E-4AF1-84EE-EADF55CD2EEA}.Ad-Hoc|iPhoneSimulator.Build.0 = Debug|Any CPU
		{19ECB839-BE3E-4AF1-84EE-EADF55CD2EEA}.Ad-Hoc|x64.ActiveCfg = Debug|Any CPU
		{19ECB839-BE3E-4AF1-84EE-EADF55CD2EEA}.Ad-Hoc|x64.Build.0 = Debug|Any CPU
		{19ECB839-BE3E-4AF1-84EE-EADF55CD2EEA}.Ad-Hoc|x86.ActiveCfg = Debug|Any CPU
		{19ECB839-BE3E-4AF1-84EE-EADF55CD2EEA}.Ad-Hoc|x86.Build.0 = Debug|Any CPU
		{19ECB839-BE3E-4AF1-84EE-EADF55CD2EEA}.AppStore|Any CPU.ActiveCfg = Debug|Any CPU
		{19ECB839-BE3E-4AF1-84EE-EADF55CD2EEA}.AppStore|Any CPU.Build.0 = Debug|Any CPU
		{19ECB839-BE3E-4AF1-84EE-EADF55CD2EEA}.AppStore|ARM.ActiveCfg = Debug|Any CPU
		{19ECB839-BE3E-4AF1-84EE-EADF55CD2EEA}.AppStore|ARM.Build.0 = Debug|Any CPU
		{19ECB839-BE3E-4AF1-84EE-EADF55CD2EEA}.AppStore|iPhone.ActiveCfg = Debug|Any CPU
		{19ECB839-BE3E-4AF1-84EE-EADF55CD2EEA}.AppStore|iPhone.Build.0 = Debug|Any CPU
		{19ECB839-BE3E-4AF1-84EE-EADF55CD2EEA}.AppStore|iPhoneSimulator.ActiveCfg = Debug|Any CPU
		{19ECB839-BE3E-4AF1-84EE-EADF55CD2EEA}.AppStore|iPhoneSimulator.Build.0 = Debug|Any CPU
		{19ECB839-BE3E-4AF1-84EE-EADF55CD2EEA}.AppStore|x64.ActiveCfg = Debug|Any CPU
		{19ECB839-BE3E-4AF1-84EE-EADF55CD2EEA}.AppStore|x64.Build.0 = Debug|Any CPU
		{19ECB839-BE3E-4AF1-84EE-EADF55CD2EEA}.AppStore|x86.ActiveCfg = Debug|Any CPU
		{19ECB839-BE3E-4AF1-84EE-EADF55CD2EEA}.AppStore|x86.Build.0 = Debug|Any CPU
		{19ECB839-BE3E-4AF1-84EE-EADF55CD2EEA}.Debug|Any CPU.ActiveCfg = Debug|Any CPU
		{19ECB839-BE3E-4AF1-84EE-EADF55CD2EEA}.Debug|Any CPU.Build.0 = Debug|Any CPU
		{19ECB839-BE3E-4AF1-84EE-EADF55CD2EEA}.Debug|ARM.ActiveCfg = Debug|Any CPU
		{19ECB839-BE3E-4AF1-84EE-EADF55CD2EEA}.Debug|ARM.Build.0 = Debug|Any CPU
		{19ECB839-BE3E-4AF1-84EE-EADF55CD2EEA}.Debug|iPhone.ActiveCfg = Debug|Any CPU
		{19ECB839-BE3E-4AF1-84EE-EADF55CD2EEA}.Debug|iPhone.Build.0 = Debug|Any CPU
		{19ECB839-BE3E-4AF1-84EE-EADF55CD2EEA}.Debug|iPhoneSimulator.ActiveCfg = Debug|Any CPU
		{19ECB839-BE3E-4AF1-84EE-EADF55CD2EEA}.Debug|iPhoneSimulator.Build.0 = Debug|Any CPU
		{19ECB839-BE3E-4AF1-84EE-EADF55CD2EEA}.Debug|x64.ActiveCfg = Debug|Any CPU
		{19ECB839-BE3E-4AF1-84EE-EADF55CD2EEA}.Debug|x64.Build.0 = Debug|Any CPU
		{19ECB839-BE3E-4AF1-84EE-EADF55CD2EEA}.Debug|x86.ActiveCfg = Debug|Any CPU
		{19ECB839-BE3E-4AF1-84EE-EADF55CD2EEA}.Debug|x86.Build.0 = Debug|Any CPU
		{19ECB839-BE3E-4AF1-84EE-EADF55CD2EEA}.Release|Any CPU.ActiveCfg = Release|Any CPU
		{19ECB839-BE3E-4AF1-84EE-EADF55CD2EEA}.Release|Any CPU.Build.0 = Release|Any CPU
		{19ECB839-BE3E-4AF1-84EE-EADF55CD2EEA}.Release|ARM.ActiveCfg = Release|Any CPU
		{19ECB839-BE3E-4AF1-84EE-EADF55CD2EEA}.Release|ARM.Build.0 = Release|Any CPU
		{19ECB839-BE3E-4AF1-84EE-EADF55CD2EEA}.Release|iPhone.ActiveCfg = Release|Any CPU
		{19ECB839-BE3E-4AF1-84EE-EADF55CD2EEA}.Release|iPhone.Build.0 = Release|Any CPU
		{19ECB839-BE3E-4AF1-84EE-EADF55CD2EEA}.Release|iPhoneSimulator.ActiveCfg = Release|Any CPU
		{19ECB839-BE3E-4AF1-84EE-EADF55CD2EEA}.Release|iPhoneSimulator.Build.0 = Release|Any CPU
		{19ECB839-BE3E-4AF1-84EE-EADF55CD2EEA}.Release|x64.ActiveCfg = Release|Any CPU
		{19ECB839-BE3E-4AF1-84EE-EADF55CD2EEA}.Release|x64.Build.0 = Release|Any CPU
		{19ECB839-BE3E-4AF1-84EE-EADF55CD2EEA}.Release|x86.ActiveCfg = Release|Any CPU
		{19ECB839-BE3E-4AF1-84EE-EADF55CD2EEA}.Release|x86.Build.0 = Release|Any CPU
		{868AC049-ACD4-4E75-92A0-08252E74981C}.Ad-Hoc|Any CPU.ActiveCfg = Debug|Any CPU
		{868AC049-ACD4-4E75-92A0-08252E74981C}.Ad-Hoc|Any CPU.Build.0 = Debug|Any CPU
		{868AC049-ACD4-4E75-92A0-08252E74981C}.Ad-Hoc|ARM.ActiveCfg = Debug|Any CPU
		{868AC049-ACD4-4E75-92A0-08252E74981C}.Ad-Hoc|ARM.Build.0 = Debug|Any CPU
		{868AC049-ACD4-4E75-92A0-08252E74981C}.Ad-Hoc|iPhone.ActiveCfg = Debug|Any CPU
		{868AC049-ACD4-4E75-92A0-08252E74981C}.Ad-Hoc|iPhone.Build.0 = Debug|Any CPU
		{868AC049-ACD4-4E75-92A0-08252E74981C}.Ad-Hoc|iPhoneSimulator.ActiveCfg = Debug|Any CPU
		{868AC049-ACD4-4E75-92A0-08252E74981C}.Ad-Hoc|iPhoneSimulator.Build.0 = Debug|Any CPU
		{868AC049-ACD4-4E75-92A0-08252E74981C}.Ad-Hoc|x64.ActiveCfg = Debug|Any CPU
		{868AC049-ACD4-4E75-92A0-08252E74981C}.Ad-Hoc|x64.Build.0 = Debug|Any CPU
		{868AC049-ACD4-4E75-92A0-08252E74981C}.Ad-Hoc|x86.ActiveCfg = Debug|Any CPU
		{868AC049-ACD4-4E75-92A0-08252E74981C}.Ad-Hoc|x86.Build.0 = Debug|Any CPU
		{868AC049-ACD4-4E75-92A0-08252E74981C}.AppStore|Any CPU.ActiveCfg = Debug|Any CPU
		{868AC049-ACD4-4E75-92A0-08252E74981C}.AppStore|Any CPU.Build.0 = Debug|Any CPU
		{868AC049-ACD4-4E75-92A0-08252E74981C}.AppStore|ARM.ActiveCfg = Debug|Any CPU
		{868AC049-ACD4-4E75-92A0-08252E74981C}.AppStore|ARM.Build.0 = Debug|Any CPU
		{868AC049-ACD4-4E75-92A0-08252E74981C}.AppStore|iPhone.ActiveCfg = Debug|Any CPU
		{868AC049-ACD4-4E75-92A0-08252E74981C}.AppStore|iPhone.Build.0 = Debug|Any CPU
		{868AC049-ACD4-4E75-92A0-08252E74981C}.AppStore|iPhoneSimulator.ActiveCfg = Debug|Any CPU
		{868AC049-ACD4-4E75-92A0-08252E74981C}.AppStore|iPhoneSimulator.Build.0 = Debug|Any CPU
		{868AC049-ACD4-4E75-92A0-08252E74981C}.AppStore|x64.ActiveCfg = Debug|Any CPU
		{868AC049-ACD4-4E75-92A0-08252E74981C}.AppStore|x64.Build.0 = Debug|Any CPU
		{868AC049-ACD4-4E75-92A0-08252E74981C}.AppStore|x86.ActiveCfg = Debug|Any CPU
		{868AC049-ACD4-4E75-92A0-08252E74981C}.AppStore|x86.Build.0 = Debug|Any CPU
		{868AC049-ACD4-4E75-92A0-08252E74981C}.Debug|Any CPU.ActiveCfg = Debug|Any CPU
		{868AC049-ACD4-4E75-92A0-08252E74981C}.Debug|Any CPU.Build.0 = Debug|Any CPU
		{868AC049-ACD4-4E75-92A0-08252E74981C}.Debug|ARM.ActiveCfg = Debug|Any CPU
		{868AC049-ACD4-4E75-92A0-08252E74981C}.Debug|ARM.Build.0 = Debug|Any CPU
		{868AC049-ACD4-4E75-92A0-08252E74981C}.Debug|iPhone.ActiveCfg = Debug|Any CPU
		{868AC049-ACD4-4E75-92A0-08252E74981C}.Debug|iPhone.Build.0 = Debug|Any CPU
		{868AC049-ACD4-4E75-92A0-08252E74981C}.Debug|iPhoneSimulator.ActiveCfg = Debug|Any CPU
		{868AC049-ACD4-4E75-92A0-08252E74981C}.Debug|iPhoneSimulator.Build.0 = Debug|Any CPU
		{868AC049-ACD4-4E75-92A0-08252E74981C}.Debug|x64.ActiveCfg = Debug|Any CPU
		{868AC049-ACD4-4E75-92A0-08252E74981C}.Debug|x64.Build.0 = Debug|Any CPU
		{868AC049-ACD4-4E75-92A0-08252E74981C}.Debug|x86.ActiveCfg = Debug|Any CPU
		{868AC049-ACD4-4E75-92A0-08252E74981C}.Debug|x86.Build.0 = Debug|Any CPU
		{868AC049-ACD4-4E75-92A0-08252E74981C}.Release|Any CPU.ActiveCfg = Release|Any CPU
		{868AC049-ACD4-4E75-92A0-08252E74981C}.Release|Any CPU.Build.0 = Release|Any CPU
		{868AC049-ACD4-4E75-92A0-08252E74981C}.Release|ARM.ActiveCfg = Release|Any CPU
		{868AC049-ACD4-4E75-92A0-08252E74981C}.Release|ARM.Build.0 = Release|Any CPU
		{868AC049-ACD4-4E75-92A0-08252E74981C}.Release|iPhone.ActiveCfg = Release|Any CPU
		{868AC049-ACD4-4E75-92A0-08252E74981C}.Release|iPhone.Build.0 = Release|Any CPU
		{868AC049-ACD4-4E75-92A0-08252E74981C}.Release|iPhoneSimulator.ActiveCfg = Release|Any CPU
		{868AC049-ACD4-4E75-92A0-08252E74981C}.Release|iPhoneSimulator.Build.0 = Release|Any CPU
		{868AC049-ACD4-4E75-92A0-08252E74981C}.Release|x64.ActiveCfg = Release|Any CPU
		{868AC049-ACD4-4E75-92A0-08252E74981C}.Release|x64.Build.0 = Release|Any CPU
		{868AC049-ACD4-4E75-92A0-08252E74981C}.Release|x86.ActiveCfg = Release|Any CPU
		{868AC049-ACD4-4E75-92A0-08252E74981C}.Release|x86.Build.0 = Release|Any CPU
		{BE935B82-7634-434C-8EAE-831B74826C69}.Ad-Hoc|Any CPU.ActiveCfg = Debug|Any CPU
		{BE935B82-7634-434C-8EAE-831B74826C69}.Ad-Hoc|Any CPU.Build.0 = Debug|Any CPU
		{BE935B82-7634-434C-8EAE-831B74826C69}.Ad-Hoc|ARM.ActiveCfg = Debug|Any CPU
		{BE935B82-7634-434C-8EAE-831B74826C69}.Ad-Hoc|ARM.Build.0 = Debug|Any CPU
		{BE935B82-7634-434C-8EAE-831B74826C69}.Ad-Hoc|iPhone.ActiveCfg = Debug|Any CPU
		{BE935B82-7634-434C-8EAE-831B74826C69}.Ad-Hoc|iPhone.Build.0 = Debug|Any CPU
		{BE935B82-7634-434C-8EAE-831B74826C69}.Ad-Hoc|iPhoneSimulator.ActiveCfg = Debug|Any CPU
		{BE935B82-7634-434C-8EAE-831B74826C69}.Ad-Hoc|iPhoneSimulator.Build.0 = Debug|Any CPU
		{BE935B82-7634-434C-8EAE-831B74826C69}.Ad-Hoc|x64.ActiveCfg = Debug|Any CPU
		{BE935B82-7634-434C-8EAE-831B74826C69}.Ad-Hoc|x64.Build.0 = Debug|Any CPU
		{BE935B82-7634-434C-8EAE-831B74826C69}.Ad-Hoc|x86.ActiveCfg = Debug|Any CPU
		{BE935B82-7634-434C-8EAE-831B74826C69}.Ad-Hoc|x86.Build.0 = Debug|Any CPU
		{BE935B82-7634-434C-8EAE-831B74826C69}.AppStore|Any CPU.ActiveCfg = Debug|Any CPU
		{BE935B82-7634-434C-8EAE-831B74826C69}.AppStore|Any CPU.Build.0 = Debug|Any CPU
		{BE935B82-7634-434C-8EAE-831B74826C69}.AppStore|ARM.ActiveCfg = Debug|Any CPU
		{BE935B82-7634-434C-8EAE-831B74826C69}.AppStore|ARM.Build.0 = Debug|Any CPU
		{BE935B82-7634-434C-8EAE-831B74826C69}.AppStore|iPhone.ActiveCfg = Debug|Any CPU
		{BE935B82-7634-434C-8EAE-831B74826C69}.AppStore|iPhone.Build.0 = Debug|Any CPU
		{BE935B82-7634-434C-8EAE-831B74826C69}.AppStore|iPhoneSimulator.ActiveCfg = Debug|Any CPU
		{BE935B82-7634-434C-8EAE-831B74826C69}.AppStore|iPhoneSimulator.Build.0 = Debug|Any CPU
		{BE935B82-7634-434C-8EAE-831B74826C69}.AppStore|x64.ActiveCfg = Debug|Any CPU
		{BE935B82-7634-434C-8EAE-831B74826C69}.AppStore|x64.Build.0 = Debug|Any CPU
		{BE935B82-7634-434C-8EAE-831B74826C69}.AppStore|x86.ActiveCfg = Debug|Any CPU
		{BE935B82-7634-434C-8EAE-831B74826C69}.AppStore|x86.Build.0 = Debug|Any CPU
		{BE935B82-7634-434C-8EAE-831B74826C69}.Debug|Any CPU.ActiveCfg = Debug|Any CPU
		{BE935B82-7634-434C-8EAE-831B74826C69}.Debug|Any CPU.Build.0 = Debug|Any CPU
		{BE935B82-7634-434C-8EAE-831B74826C69}.Debug|ARM.ActiveCfg = Debug|Any CPU
		{BE935B82-7634-434C-8EAE-831B74826C69}.Debug|ARM.Build.0 = Debug|Any CPU
		{BE935B82-7634-434C-8EAE-831B74826C69}.Debug|iPhone.ActiveCfg = Debug|Any CPU
		{BE935B82-7634-434C-8EAE-831B74826C69}.Debug|iPhone.Build.0 = Debug|Any CPU
		{BE935B82-7634-434C-8EAE-831B74826C69}.Debug|iPhoneSimulator.ActiveCfg = Debug|Any CPU
		{BE935B82-7634-434C-8EAE-831B74826C69}.Debug|iPhoneSimulator.Build.0 = Debug|Any CPU
		{BE935B82-7634-434C-8EAE-831B74826C69}.Debug|x64.ActiveCfg = Debug|Any CPU
		{BE935B82-7634-434C-8EAE-831B74826C69}.Debug|x64.Build.0 = Debug|Any CPU
		{BE935B82-7634-434C-8EAE-831B74826C69}.Debug|x86.ActiveCfg = Debug|Any CPU
		{BE935B82-7634-434C-8EAE-831B74826C69}.Debug|x86.Build.0 = Debug|Any CPU
		{BE935B82-7634-434C-8EAE-831B74826C69}.Release|Any CPU.ActiveCfg = Release|Any CPU
		{BE935B82-7634-434C-8EAE-831B74826C69}.Release|Any CPU.Build.0 = Release|Any CPU
		{BE935B82-7634-434C-8EAE-831B74826C69}.Release|ARM.ActiveCfg = Release|Any CPU
		{BE935B82-7634-434C-8EAE-831B74826C69}.Release|ARM.Build.0 = Release|Any CPU
		{BE935B82-7634-434C-8EAE-831B74826C69}.Release|iPhone.ActiveCfg = Release|Any CPU
		{BE935B82-7634-434C-8EAE-831B74826C69}.Release|iPhone.Build.0 = Release|Any CPU
		{BE935B82-7634-434C-8EAE-831B74826C69}.Release|iPhoneSimulator.ActiveCfg = Release|Any CPU
		{BE935B82-7634-434C-8EAE-831B74826C69}.Release|iPhoneSimulator.Build.0 = Release|Any CPU
		{BE935B82-7634-434C-8EAE-831B74826C69}.Release|x64.ActiveCfg = Release|Any CPU
		{BE935B82-7634-434C-8EAE-831B74826C69}.Release|x64.Build.0 = Release|Any CPU
		{BE935B82-7634-434C-8EAE-831B74826C69}.Release|x86.ActiveCfg = Release|Any CPU
		{BE935B82-7634-434C-8EAE-831B74826C69}.Release|x86.Build.0 = Release|Any CPU
		{2688B4AB-BDB4-4360-8F77-673661FEA7CC}.Ad-Hoc|Any CPU.ActiveCfg = Debug|Any CPU
		{2688B4AB-BDB4-4360-8F77-673661FEA7CC}.Ad-Hoc|Any CPU.Build.0 = Debug|Any CPU
		{2688B4AB-BDB4-4360-8F77-673661FEA7CC}.Ad-Hoc|ARM.ActiveCfg = Debug|Any CPU
		{2688B4AB-BDB4-4360-8F77-673661FEA7CC}.Ad-Hoc|ARM.Build.0 = Debug|Any CPU
		{2688B4AB-BDB4-4360-8F77-673661FEA7CC}.Ad-Hoc|iPhone.ActiveCfg = Debug|Any CPU
		{2688B4AB-BDB4-4360-8F77-673661FEA7CC}.Ad-Hoc|iPhone.Build.0 = Debug|Any CPU
		{2688B4AB-BDB4-4360-8F77-673661FEA7CC}.Ad-Hoc|iPhoneSimulator.ActiveCfg = Debug|Any CPU
		{2688B4AB-BDB4-4360-8F77-673661FEA7CC}.Ad-Hoc|iPhoneSimulator.Build.0 = Debug|Any CPU
		{2688B4AB-BDB4-4360-8F77-673661FEA7CC}.Ad-Hoc|x64.ActiveCfg = Debug|Any CPU
		{2688B4AB-BDB4-4360-8F77-673661FEA7CC}.Ad-Hoc|x64.Build.0 = Debug|Any CPU
		{2688B4AB-BDB4-4360-8F77-673661FEA7CC}.Ad-Hoc|x86.ActiveCfg = Debug|Any CPU
		{2688B4AB-BDB4-4360-8F77-673661FEA7CC}.Ad-Hoc|x86.Build.0 = Debug|Any CPU
		{2688B4AB-BDB4-4360-8F77-673661FEA7CC}.AppStore|Any CPU.ActiveCfg = Debug|Any CPU
		{2688B4AB-BDB4-4360-8F77-673661FEA7CC}.AppStore|Any CPU.Build.0 = Debug|Any CPU
		{2688B4AB-BDB4-4360-8F77-673661FEA7CC}.AppStore|ARM.ActiveCfg = Debug|Any CPU
		{2688B4AB-BDB4-4360-8F77-673661FEA7CC}.AppStore|ARM.Build.0 = Debug|Any CPU
		{2688B4AB-BDB4-4360-8F77-673661FEA7CC}.AppStore|iPhone.ActiveCfg = Debug|Any CPU
		{2688B4AB-BDB4-4360-8F77-673661FEA7CC}.AppStore|iPhone.Build.0 = Debug|Any CPU
		{2688B4AB-BDB4-4360-8F77-673661FEA7CC}.AppStore|iPhoneSimulator.ActiveCfg = Debug|Any CPU
		{2688B4AB-BDB4-4360-8F77-673661FEA7CC}.AppStore|iPhoneSimulator.Build.0 = Debug|Any CPU
		{2688B4AB-BDB4-4360-8F77-673661FEA7CC}.AppStore|x64.ActiveCfg = Debug|Any CPU
		{2688B4AB-BDB4-4360-8F77-673661FEA7CC}.AppStore|x64.Build.0 = Debug|Any CPU
		{2688B4AB-BDB4-4360-8F77-673661FEA7CC}.AppStore|x86.ActiveCfg = Debug|Any CPU
		{2688B4AB-BDB4-4360-8F77-673661FEA7CC}.AppStore|x86.Build.0 = Debug|Any CPU
		{2688B4AB-BDB4-4360-8F77-673661FEA7CC}.Debug|Any CPU.ActiveCfg = Debug|Any CPU
		{2688B4AB-BDB4-4360-8F77-673661FEA7CC}.Debug|Any CPU.Build.0 = Debug|Any CPU
		{2688B4AB-BDB4-4360-8F77-673661FEA7CC}.Debug|ARM.ActiveCfg = Debug|Any CPU
		{2688B4AB-BDB4-4360-8F77-673661FEA7CC}.Debug|ARM.Build.0 = Debug|Any CPU
		{2688B4AB-BDB4-4360-8F77-673661FEA7CC}.Debug|iPhone.ActiveCfg = Debug|Any CPU
		{2688B4AB-BDB4-4360-8F77-673661FEA7CC}.Debug|iPhone.Build.0 = Debug|Any CPU
		{2688B4AB-BDB4-4360-8F77-673661FEA7CC}.Debug|iPhoneSimulator.ActiveCfg = Debug|Any CPU
		{2688B4AB-BDB4-4360-8F77-673661FEA7CC}.Debug|iPhoneSimulator.Build.0 = Debug|Any CPU
		{2688B4AB-BDB4-4360-8F77-673661FEA7CC}.Debug|x64.ActiveCfg = Debug|Any CPU
		{2688B4AB-BDB4-4360-8F77-673661FEA7CC}.Debug|x64.Build.0 = Debug|Any CPU
		{2688B4AB-BDB4-4360-8F77-673661FEA7CC}.Debug|x86.ActiveCfg = Debug|Any CPU
		{2688B4AB-BDB4-4360-8F77-673661FEA7CC}.Debug|x86.Build.0 = Debug|Any CPU
		{2688B4AB-BDB4-4360-8F77-673661FEA7CC}.Release|Any CPU.ActiveCfg = Release|Any CPU
		{2688B4AB-BDB4-4360-8F77-673661FEA7CC}.Release|Any CPU.Build.0 = Release|Any CPU
		{2688B4AB-BDB4-4360-8F77-673661FEA7CC}.Release|ARM.ActiveCfg = Release|Any CPU
		{2688B4AB-BDB4-4360-8F77-673661FEA7CC}.Release|ARM.Build.0 = Release|Any CPU
		{2688B4AB-BDB4-4360-8F77-673661FEA7CC}.Release|iPhone.ActiveCfg = Release|Any CPU
		{2688B4AB-BDB4-4360-8F77-673661FEA7CC}.Release|iPhone.Build.0 = Release|Any CPU
		{2688B4AB-BDB4-4360-8F77-673661FEA7CC}.Release|iPhoneSimulator.ActiveCfg = Release|Any CPU
		{2688B4AB-BDB4-4360-8F77-673661FEA7CC}.Release|iPhoneSimulator.Build.0 = Release|Any CPU
		{2688B4AB-BDB4-4360-8F77-673661FEA7CC}.Release|x64.ActiveCfg = Release|Any CPU
		{2688B4AB-BDB4-4360-8F77-673661FEA7CC}.Release|x64.Build.0 = Release|Any CPU
		{2688B4AB-BDB4-4360-8F77-673661FEA7CC}.Release|x86.ActiveCfg = Release|Any CPU
		{2688B4AB-BDB4-4360-8F77-673661FEA7CC}.Release|x86.Build.0 = Release|Any CPU
		{F521FFD5-CCDD-4DFD-9243-01617120F931}.Ad-Hoc|Any CPU.ActiveCfg = Debug|Any CPU
		{F521FFD5-CCDD-4DFD-9243-01617120F931}.Ad-Hoc|Any CPU.Build.0 = Debug|Any CPU
		{F521FFD5-CCDD-4DFD-9243-01617120F931}.Ad-Hoc|ARM.ActiveCfg = Debug|Any CPU
		{F521FFD5-CCDD-4DFD-9243-01617120F931}.Ad-Hoc|ARM.Build.0 = Debug|Any CPU
		{F521FFD5-CCDD-4DFD-9243-01617120F931}.Ad-Hoc|iPhone.ActiveCfg = Debug|Any CPU
		{F521FFD5-CCDD-4DFD-9243-01617120F931}.Ad-Hoc|iPhone.Build.0 = Debug|Any CPU
		{F521FFD5-CCDD-4DFD-9243-01617120F931}.Ad-Hoc|iPhoneSimulator.ActiveCfg = Debug|Any CPU
		{F521FFD5-CCDD-4DFD-9243-01617120F931}.Ad-Hoc|iPhoneSimulator.Build.0 = Debug|Any CPU
		{F521FFD5-CCDD-4DFD-9243-01617120F931}.Ad-Hoc|x64.ActiveCfg = Debug|Any CPU
		{F521FFD5-CCDD-4DFD-9243-01617120F931}.Ad-Hoc|x64.Build.0 = Debug|Any CPU
		{F521FFD5-CCDD-4DFD-9243-01617120F931}.Ad-Hoc|x86.ActiveCfg = Debug|Any CPU
		{F521FFD5-CCDD-4DFD-9243-01617120F931}.Ad-Hoc|x86.Build.0 = Debug|Any CPU
		{F521FFD5-CCDD-4DFD-9243-01617120F931}.AppStore|Any CPU.ActiveCfg = Debug|Any CPU
		{F521FFD5-CCDD-4DFD-9243-01617120F931}.AppStore|Any CPU.Build.0 = Debug|Any CPU
		{F521FFD5-CCDD-4DFD-9243-01617120F931}.AppStore|ARM.ActiveCfg = Debug|Any CPU
		{F521FFD5-CCDD-4DFD-9243-01617120F931}.AppStore|ARM.Build.0 = Debug|Any CPU
		{F521FFD5-CCDD-4DFD-9243-01617120F931}.AppStore|iPhone.ActiveCfg = Debug|Any CPU
		{F521FFD5-CCDD-4DFD-9243-01617120F931}.AppStore|iPhone.Build.0 = Debug|Any CPU
		{F521FFD5-CCDD-4DFD-9243-01617120F931}.AppStore|iPhoneSimulator.ActiveCfg = Debug|Any CPU
		{F521FFD5-CCDD-4DFD-9243-01617120F931}.AppStore|iPhoneSimulator.Build.0 = Debug|Any CPU
		{F521FFD5-CCDD-4DFD-9243-01617120F931}.AppStore|x64.ActiveCfg = Debug|Any CPU
		{F521FFD5-CCDD-4DFD-9243-01617120F931}.AppStore|x64.Build.0 = Debug|Any CPU
		{F521FFD5-CCDD-4DFD-9243-01617120F931}.AppStore|x86.ActiveCfg = Debug|Any CPU
		{F521FFD5-CCDD-4DFD-9243-01617120F931}.AppStore|x86.Build.0 = Debug|Any CPU
		{F521FFD5-CCDD-4DFD-9243-01617120F931}.Debug|Any CPU.ActiveCfg = Debug|Any CPU
		{F521FFD5-CCDD-4DFD-9243-01617120F931}.Debug|Any CPU.Build.0 = Debug|Any CPU
		{F521FFD5-CCDD-4DFD-9243-01617120F931}.Debug|ARM.ActiveCfg = Debug|Any CPU
		{F521FFD5-CCDD-4DFD-9243-01617120F931}.Debug|ARM.Build.0 = Debug|Any CPU
		{F521FFD5-CCDD-4DFD-9243-01617120F931}.Debug|iPhone.ActiveCfg = Debug|Any CPU
		{F521FFD5-CCDD-4DFD-9243-01617120F931}.Debug|iPhone.Build.0 = Debug|Any CPU
		{F521FFD5-CCDD-4DFD-9243-01617120F931}.Debug|iPhoneSimulator.ActiveCfg = Debug|Any CPU
		{F521FFD5-CCDD-4DFD-9243-01617120F931}.Debug|iPhoneSimulator.Build.0 = Debug|Any CPU
		{F521FFD5-CCDD-4DFD-9243-01617120F931}.Debug|x64.ActiveCfg = Debug|Any CPU
		{F521FFD5-CCDD-4DFD-9243-01617120F931}.Debug|x64.Build.0 = Debug|Any CPU
		{F521FFD5-CCDD-4DFD-9243-01617120F931}.Debug|x86.ActiveCfg = Debug|Any CPU
		{F521FFD5-CCDD-4DFD-9243-01617120F931}.Debug|x86.Build.0 = Debug|Any CPU
		{F521FFD5-CCDD-4DFD-9243-01617120F931}.Release|Any CPU.ActiveCfg = Release|Any CPU
		{F521FFD5-CCDD-4DFD-9243-01617120F931}.Release|Any CPU.Build.0 = Release|Any CPU
		{F521FFD5-CCDD-4DFD-9243-01617120F931}.Release|ARM.ActiveCfg = Release|Any CPU
		{F521FFD5-CCDD-4DFD-9243-01617120F931}.Release|ARM.Build.0 = Release|Any CPU
		{F521FFD5-CCDD-4DFD-9243-01617120F931}.Release|iPhone.ActiveCfg = Release|Any CPU
		{F521FFD5-CCDD-4DFD-9243-01617120F931}.Release|iPhone.Build.0 = Release|Any CPU
		{F521FFD5-CCDD-4DFD-9243-01617120F931}.Release|iPhoneSimulator.ActiveCfg = Release|Any CPU
		{F521FFD5-CCDD-4DFD-9243-01617120F931}.Release|iPhoneSimulator.Build.0 = Release|Any CPU
		{F521FFD5-CCDD-4DFD-9243-01617120F931}.Release|x64.ActiveCfg = Release|Any CPU
		{F521FFD5-CCDD-4DFD-9243-01617120F931}.Release|x64.Build.0 = Release|Any CPU
		{F521FFD5-CCDD-4DFD-9243-01617120F931}.Release|x86.ActiveCfg = Release|Any CPU
		{F521FFD5-CCDD-4DFD-9243-01617120F931}.Release|x86.Build.0 = Release|Any CPU
		{90AC3AAB-8160-4217-A437-95F39546E5D6}.Ad-Hoc|Any CPU.ActiveCfg = Debug|Any CPU
		{90AC3AAB-8160-4217-A437-95F39546E5D6}.Ad-Hoc|Any CPU.Build.0 = Debug|Any CPU
		{90AC3AAB-8160-4217-A437-95F39546E5D6}.Ad-Hoc|ARM.ActiveCfg = Debug|Any CPU
		{90AC3AAB-8160-4217-A437-95F39546E5D6}.Ad-Hoc|ARM.Build.0 = Debug|Any CPU
		{90AC3AAB-8160-4217-A437-95F39546E5D6}.Ad-Hoc|iPhone.ActiveCfg = Debug|Any CPU
		{90AC3AAB-8160-4217-A437-95F39546E5D6}.Ad-Hoc|iPhone.Build.0 = Debug|Any CPU
		{90AC3AAB-8160-4217-A437-95F39546E5D6}.Ad-Hoc|iPhoneSimulator.ActiveCfg = Debug|Any CPU
		{90AC3AAB-8160-4217-A437-95F39546E5D6}.Ad-Hoc|iPhoneSimulator.Build.0 = Debug|Any CPU
		{90AC3AAB-8160-4217-A437-95F39546E5D6}.Ad-Hoc|x64.ActiveCfg = Debug|Any CPU
		{90AC3AAB-8160-4217-A437-95F39546E5D6}.Ad-Hoc|x64.Build.0 = Debug|Any CPU
		{90AC3AAB-8160-4217-A437-95F39546E5D6}.Ad-Hoc|x86.ActiveCfg = Debug|Any CPU
		{90AC3AAB-8160-4217-A437-95F39546E5D6}.Ad-Hoc|x86.Build.0 = Debug|Any CPU
		{90AC3AAB-8160-4217-A437-95F39546E5D6}.AppStore|Any CPU.ActiveCfg = Debug|Any CPU
		{90AC3AAB-8160-4217-A437-95F39546E5D6}.AppStore|Any CPU.Build.0 = Debug|Any CPU
		{90AC3AAB-8160-4217-A437-95F39546E5D6}.AppStore|ARM.ActiveCfg = Debug|Any CPU
		{90AC3AAB-8160-4217-A437-95F39546E5D6}.AppStore|ARM.Build.0 = Debug|Any CPU
		{90AC3AAB-8160-4217-A437-95F39546E5D6}.AppStore|iPhone.ActiveCfg = Debug|Any CPU
		{90AC3AAB-8160-4217-A437-95F39546E5D6}.AppStore|iPhone.Build.0 = Debug|Any CPU
		{90AC3AAB-8160-4217-A437-95F39546E5D6}.AppStore|iPhoneSimulator.ActiveCfg = Debug|Any CPU
		{90AC3AAB-8160-4217-A437-95F39546E5D6}.AppStore|iPhoneSimulator.Build.0 = Debug|Any CPU
		{90AC3AAB-8160-4217-A437-95F39546E5D6}.AppStore|x64.ActiveCfg = Debug|Any CPU
		{90AC3AAB-8160-4217-A437-95F39546E5D6}.AppStore|x64.Build.0 = Debug|Any CPU
		{90AC3AAB-8160-4217-A437-95F39546E5D6}.AppStore|x86.ActiveCfg = Debug|Any CPU
		{90AC3AAB-8160-4217-A437-95F39546E5D6}.AppStore|x86.Build.0 = Debug|Any CPU
		{90AC3AAB-8160-4217-A437-95F39546E5D6}.Debug|Any CPU.ActiveCfg = Debug|Any CPU
		{90AC3AAB-8160-4217-A437-95F39546E5D6}.Debug|Any CPU.Build.0 = Debug|Any CPU
		{90AC3AAB-8160-4217-A437-95F39546E5D6}.Debug|ARM.ActiveCfg = Debug|Any CPU
		{90AC3AAB-8160-4217-A437-95F39546E5D6}.Debug|ARM.Build.0 = Debug|Any CPU
		{90AC3AAB-8160-4217-A437-95F39546E5D6}.Debug|iPhone.ActiveCfg = Debug|Any CPU
		{90AC3AAB-8160-4217-A437-95F39546E5D6}.Debug|iPhone.Build.0 = Debug|Any CPU
		{90AC3AAB-8160-4217-A437-95F39546E5D6}.Debug|iPhoneSimulator.ActiveCfg = Debug|Any CPU
		{90AC3AAB-8160-4217-A437-95F39546E5D6}.Debug|iPhoneSimulator.Build.0 = Debug|Any CPU
		{90AC3AAB-8160-4217-A437-95F39546E5D6}.Debug|x64.ActiveCfg = Debug|Any CPU
		{90AC3AAB-8160-4217-A437-95F39546E5D6}.Debug|x64.Build.0 = Debug|Any CPU
		{90AC3AAB-8160-4217-A437-95F39546E5D6}.Debug|x86.ActiveCfg = Debug|Any CPU
		{90AC3AAB-8160-4217-A437-95F39546E5D6}.Debug|x86.Build.0 = Debug|Any CPU
		{90AC3AAB-8160-4217-A437-95F39546E5D6}.Release|Any CPU.ActiveCfg = Release|Any CPU
		{90AC3AAB-8160-4217-A437-95F39546E5D6}.Release|Any CPU.Build.0 = Release|Any CPU
		{90AC3AAB-8160-4217-A437-95F39546E5D6}.Release|ARM.ActiveCfg = Release|Any CPU
		{90AC3AAB-8160-4217-A437-95F39546E5D6}.Release|ARM.Build.0 = Release|Any CPU
		{90AC3AAB-8160-4217-A437-95F39546E5D6}.Release|iPhone.ActiveCfg = Release|Any CPU
		{90AC3AAB-8160-4217-A437-95F39546E5D6}.Release|iPhone.Build.0 = Release|Any CPU
		{90AC3AAB-8160-4217-A437-95F39546E5D6}.Release|iPhoneSimulator.ActiveCfg = Release|Any CPU
		{90AC3AAB-8160-4217-A437-95F39546E5D6}.Release|iPhoneSimulator.Build.0 = Release|Any CPU
		{90AC3AAB-8160-4217-A437-95F39546E5D6}.Release|x64.ActiveCfg = Release|Any CPU
		{90AC3AAB-8160-4217-A437-95F39546E5D6}.Release|x64.Build.0 = Release|Any CPU
		{90AC3AAB-8160-4217-A437-95F39546E5D6}.Release|x86.ActiveCfg = Release|Any CPU
		{90AC3AAB-8160-4217-A437-95F39546E5D6}.Release|x86.Build.0 = Release|Any CPU
		{C78E563E-524F-4938-A7D9-A3B622DF10F3}.Ad-Hoc|Any CPU.ActiveCfg = Debug|Any CPU
		{C78E563E-524F-4938-A7D9-A3B622DF10F3}.Ad-Hoc|Any CPU.Build.0 = Debug|Any CPU
		{C78E563E-524F-4938-A7D9-A3B622DF10F3}.Ad-Hoc|ARM.ActiveCfg = Debug|Any CPU
		{C78E563E-524F-4938-A7D9-A3B622DF10F3}.Ad-Hoc|ARM.Build.0 = Debug|Any CPU
		{C78E563E-524F-4938-A7D9-A3B622DF10F3}.Ad-Hoc|iPhone.ActiveCfg = Debug|Any CPU
		{C78E563E-524F-4938-A7D9-A3B622DF10F3}.Ad-Hoc|iPhone.Build.0 = Debug|Any CPU
		{C78E563E-524F-4938-A7D9-A3B622DF10F3}.Ad-Hoc|iPhoneSimulator.ActiveCfg = Debug|Any CPU
		{C78E563E-524F-4938-A7D9-A3B622DF10F3}.Ad-Hoc|iPhoneSimulator.Build.0 = Debug|Any CPU
		{C78E563E-524F-4938-A7D9-A3B622DF10F3}.Ad-Hoc|x64.ActiveCfg = Debug|Any CPU
		{C78E563E-524F-4938-A7D9-A3B622DF10F3}.Ad-Hoc|x64.Build.0 = Debug|Any CPU
		{C78E563E-524F-4938-A7D9-A3B622DF10F3}.Ad-Hoc|x86.ActiveCfg = Debug|Any CPU
		{C78E563E-524F-4938-A7D9-A3B622DF10F3}.Ad-Hoc|x86.Build.0 = Debug|Any CPU
		{C78E563E-524F-4938-A7D9-A3B622DF10F3}.AppStore|Any CPU.ActiveCfg = Debug|Any CPU
		{C78E563E-524F-4938-A7D9-A3B622DF10F3}.AppStore|Any CPU.Build.0 = Debug|Any CPU
		{C78E563E-524F-4938-A7D9-A3B622DF10F3}.AppStore|ARM.ActiveCfg = Debug|Any CPU
		{C78E563E-524F-4938-A7D9-A3B622DF10F3}.AppStore|ARM.Build.0 = Debug|Any CPU
		{C78E563E-524F-4938-A7D9-A3B622DF10F3}.AppStore|iPhone.ActiveCfg = Debug|Any CPU
		{C78E563E-524F-4938-A7D9-A3B622DF10F3}.AppStore|iPhone.Build.0 = Debug|Any CPU
		{C78E563E-524F-4938-A7D9-A3B622DF10F3}.AppStore|iPhoneSimulator.ActiveCfg = Debug|Any CPU
		{C78E563E-524F-4938-A7D9-A3B622DF10F3}.AppStore|iPhoneSimulator.Build.0 = Debug|Any CPU
		{C78E563E-524F-4938-A7D9-A3B622DF10F3}.AppStore|x64.ActiveCfg = Debug|Any CPU
		{C78E563E-524F-4938-A7D9-A3B622DF10F3}.AppStore|x64.Build.0 = Debug|Any CPU
		{C78E563E-524F-4938-A7D9-A3B622DF10F3}.AppStore|x86.ActiveCfg = Debug|Any CPU
		{C78E563E-524F-4938-A7D9-A3B622DF10F3}.AppStore|x86.Build.0 = Debug|Any CPU
		{C78E563E-524F-4938-A7D9-A3B622DF10F3}.Debug|Any CPU.ActiveCfg = Debug|Any CPU
		{C78E563E-524F-4938-A7D9-A3B622DF10F3}.Debug|Any CPU.Build.0 = Debug|Any CPU
		{C78E563E-524F-4938-A7D9-A3B622DF10F3}.Debug|ARM.ActiveCfg = Debug|Any CPU
		{C78E563E-524F-4938-A7D9-A3B622DF10F3}.Debug|ARM.Build.0 = Debug|Any CPU
		{C78E563E-524F-4938-A7D9-A3B622DF10F3}.Debug|iPhone.ActiveCfg = Debug|Any CPU
		{C78E563E-524F-4938-A7D9-A3B622DF10F3}.Debug|iPhone.Build.0 = Debug|Any CPU
		{C78E563E-524F-4938-A7D9-A3B622DF10F3}.Debug|iPhoneSimulator.ActiveCfg = Debug|Any CPU
		{C78E563E-524F-4938-A7D9-A3B622DF10F3}.Debug|iPhoneSimulator.Build.0 = Debug|Any CPU
		{C78E563E-524F-4938-A7D9-A3B622DF10F3}.Debug|x64.ActiveCfg = Debug|Any CPU
		{C78E563E-524F-4938-A7D9-A3B622DF10F3}.Debug|x64.Build.0 = Debug|Any CPU
		{C78E563E-524F-4938-A7D9-A3B622DF10F3}.Debug|x86.ActiveCfg = Debug|Any CPU
		{C78E563E-524F-4938-A7D9-A3B622DF10F3}.Debug|x86.Build.0 = Debug|Any CPU
		{C78E563E-524F-4938-A7D9-A3B622DF10F3}.Release|Any CPU.ActiveCfg = Release|Any CPU
		{C78E563E-524F-4938-A7D9-A3B622DF10F3}.Release|Any CPU.Build.0 = Release|Any CPU
		{C78E563E-524F-4938-A7D9-A3B622DF10F3}.Release|ARM.ActiveCfg = Release|Any CPU
		{C78E563E-524F-4938-A7D9-A3B622DF10F3}.Release|ARM.Build.0 = Release|Any CPU
		{C78E563E-524F-4938-A7D9-A3B622DF10F3}.Release|iPhone.ActiveCfg = Release|Any CPU
		{C78E563E-524F-4938-A7D9-A3B622DF10F3}.Release|iPhone.Build.0 = Release|Any CPU
		{C78E563E-524F-4938-A7D9-A3B622DF10F3}.Release|iPhoneSimulator.ActiveCfg = Release|Any CPU
		{C78E563E-524F-4938-A7D9-A3B622DF10F3}.Release|iPhoneSimulator.Build.0 = Release|Any CPU
		{C78E563E-524F-4938-A7D9-A3B622DF10F3}.Release|x64.ActiveCfg = Release|Any CPU
		{C78E563E-524F-4938-A7D9-A3B622DF10F3}.Release|x64.Build.0 = Release|Any CPU
		{C78E563E-524F-4938-A7D9-A3B622DF10F3}.Release|x86.ActiveCfg = Release|Any CPU
		{C78E563E-524F-4938-A7D9-A3B622DF10F3}.Release|x86.Build.0 = Release|Any CPU
		{4FFF222F-3935-4F55-B938-D3205BE6E40D}.Ad-Hoc|Any CPU.ActiveCfg = Debug|Any CPU
		{4FFF222F-3935-4F55-B938-D3205BE6E40D}.Ad-Hoc|Any CPU.Build.0 = Debug|Any CPU
		{4FFF222F-3935-4F55-B938-D3205BE6E40D}.Ad-Hoc|ARM.ActiveCfg = Debug|Any CPU
		{4FFF222F-3935-4F55-B938-D3205BE6E40D}.Ad-Hoc|ARM.Build.0 = Debug|Any CPU
		{4FFF222F-3935-4F55-B938-D3205BE6E40D}.Ad-Hoc|iPhone.ActiveCfg = Debug|Any CPU
		{4FFF222F-3935-4F55-B938-D3205BE6E40D}.Ad-Hoc|iPhone.Build.0 = Debug|Any CPU
		{4FFF222F-3935-4F55-B938-D3205BE6E40D}.Ad-Hoc|iPhoneSimulator.ActiveCfg = Debug|Any CPU
		{4FFF222F-3935-4F55-B938-D3205BE6E40D}.Ad-Hoc|iPhoneSimulator.Build.0 = Debug|Any CPU
		{4FFF222F-3935-4F55-B938-D3205BE6E40D}.Ad-Hoc|x64.ActiveCfg = Debug|Any CPU
		{4FFF222F-3935-4F55-B938-D3205BE6E40D}.Ad-Hoc|x64.Build.0 = Debug|Any CPU
		{4FFF222F-3935-4F55-B938-D3205BE6E40D}.Ad-Hoc|x86.ActiveCfg = Debug|Any CPU
		{4FFF222F-3935-4F55-B938-D3205BE6E40D}.Ad-Hoc|x86.Build.0 = Debug|Any CPU
		{4FFF222F-3935-4F55-B938-D3205BE6E40D}.AppStore|Any CPU.ActiveCfg = Debug|Any CPU
		{4FFF222F-3935-4F55-B938-D3205BE6E40D}.AppStore|Any CPU.Build.0 = Debug|Any CPU
		{4FFF222F-3935-4F55-B938-D3205BE6E40D}.AppStore|ARM.ActiveCfg = Debug|Any CPU
		{4FFF222F-3935-4F55-B938-D3205BE6E40D}.AppStore|ARM.Build.0 = Debug|Any CPU
		{4FFF222F-3935-4F55-B938-D3205BE6E40D}.AppStore|iPhone.ActiveCfg = Debug|Any CPU
		{4FFF222F-3935-4F55-B938-D3205BE6E40D}.AppStore|iPhone.Build.0 = Debug|Any CPU
		{4FFF222F-3935-4F55-B938-D3205BE6E40D}.AppStore|iPhoneSimulator.ActiveCfg = Debug|Any CPU
		{4FFF222F-3935-4F55-B938-D3205BE6E40D}.AppStore|iPhoneSimulator.Build.0 = Debug|Any CPU
		{4FFF222F-3935-4F55-B938-D3205BE6E40D}.AppStore|x64.ActiveCfg = Debug|Any CPU
		{4FFF222F-3935-4F55-B938-D3205BE6E40D}.AppStore|x64.Build.0 = Debug|Any CPU
		{4FFF222F-3935-4F55-B938-D3205BE6E40D}.AppStore|x86.ActiveCfg = Debug|Any CPU
		{4FFF222F-3935-4F55-B938-D3205BE6E40D}.AppStore|x86.Build.0 = Debug|Any CPU
		{4FFF222F-3935-4F55-B938-D3205BE6E40D}.Debug|Any CPU.ActiveCfg = Debug|Any CPU
		{4FFF222F-3935-4F55-B938-D3205BE6E40D}.Debug|Any CPU.Build.0 = Debug|Any CPU
		{4FFF222F-3935-4F55-B938-D3205BE6E40D}.Debug|ARM.ActiveCfg = Debug|Any CPU
		{4FFF222F-3935-4F55-B938-D3205BE6E40D}.Debug|ARM.Build.0 = Debug|Any CPU
		{4FFF222F-3935-4F55-B938-D3205BE6E40D}.Debug|iPhone.ActiveCfg = Debug|Any CPU
		{4FFF222F-3935-4F55-B938-D3205BE6E40D}.Debug|iPhone.Build.0 = Debug|Any CPU
		{4FFF222F-3935-4F55-B938-D3205BE6E40D}.Debug|iPhoneSimulator.ActiveCfg = Debug|Any CPU
		{4FFF222F-3935-4F55-B938-D3205BE6E40D}.Debug|iPhoneSimulator.Build.0 = Debug|Any CPU
		{4FFF222F-3935-4F55-B938-D3205BE6E40D}.Debug|x64.ActiveCfg = Debug|Any CPU
		{4FFF222F-3935-4F55-B938-D3205BE6E40D}.Debug|x64.Build.0 = Debug|Any CPU
		{4FFF222F-3935-4F55-B938-D3205BE6E40D}.Debug|x86.ActiveCfg = Debug|Any CPU
		{4FFF222F-3935-4F55-B938-D3205BE6E40D}.Debug|x86.Build.0 = Debug|Any CPU
		{4FFF222F-3935-4F55-B938-D3205BE6E40D}.Release|Any CPU.ActiveCfg = Release|Any CPU
		{4FFF222F-3935-4F55-B938-D3205BE6E40D}.Release|Any CPU.Build.0 = Release|Any CPU
		{4FFF222F-3935-4F55-B938-D3205BE6E40D}.Release|ARM.ActiveCfg = Release|Any CPU
		{4FFF222F-3935-4F55-B938-D3205BE6E40D}.Release|ARM.Build.0 = Release|Any CPU
		{4FFF222F-3935-4F55-B938-D3205BE6E40D}.Release|iPhone.ActiveCfg = Release|Any CPU
		{4FFF222F-3935-4F55-B938-D3205BE6E40D}.Release|iPhone.Build.0 = Release|Any CPU
		{4FFF222F-3935-4F55-B938-D3205BE6E40D}.Release|iPhoneSimulator.ActiveCfg = Release|Any CPU
		{4FFF222F-3935-4F55-B938-D3205BE6E40D}.Release|iPhoneSimulator.Build.0 = Release|Any CPU
		{4FFF222F-3935-4F55-B938-D3205BE6E40D}.Release|x64.ActiveCfg = Release|Any CPU
		{4FFF222F-3935-4F55-B938-D3205BE6E40D}.Release|x64.Build.0 = Release|Any CPU
		{4FFF222F-3935-4F55-B938-D3205BE6E40D}.Release|x86.ActiveCfg = Release|Any CPU
		{4FFF222F-3935-4F55-B938-D3205BE6E40D}.Release|x86.Build.0 = Release|Any CPU
	EndGlobalSection
	GlobalSection(SolutionProperties) = preSolution
		HideSolutionNode = FALSE
	EndGlobalSection
	GlobalSection(NestedProjects) = preSolution
		{91CF7717-08AB-4E65-B10E-0B426F01E2E8} = {932D8224-11F6-4D07-B109-DA28AD288A63}
		{E279BF0F-7F66-4F3A-A3AB-2CDA66C1CD04} = {932D8224-11F6-4D07-B109-DA28AD288A63}
		{DB0EFB20-B024-4E5E-A75C-52143C131D25} = {932D8224-11F6-4D07-B109-DA28AD288A63}
		{807BB76E-B2BB-47A2-A57B-3D1B20FF5E7F} = {DB0EFB20-B024-4E5E-A75C-52143C131D25}
		{0044B293-1DCC-4224-B948-00CF6DC7F510} = {807BB76E-B2BB-47A2-A57B-3D1B20FF5E7F}
		{8088F3FC-6787-45FA-A924-816EC81CBFAC} = {807BB76E-B2BB-47A2-A57B-3D1B20FF5E7F}
		{588ECAB5-325A-47E9-BA62-F383C5B9FEDF} = {E279BF0F-7F66-4F3A-A3AB-2CDA66C1CD04}
		{35D02F6B-FEDF-4367-9DF3-35F06B83BAC7} = {91CF7717-08AB-4E65-B10E-0B426F01E2E8}
		{19ECB839-BE3E-4AF1-84EE-EADF55CD2EEA} = {91CF7717-08AB-4E65-B10E-0B426F01E2E8}
		{868AC049-ACD4-4E75-92A0-08252E74981C} = {91CF7717-08AB-4E65-B10E-0B426F01E2E8}
		{BE935B82-7634-434C-8EAE-831B74826C69} = {DB0EFB20-B024-4E5E-A75C-52143C131D25}
		{2688B4AB-BDB4-4360-8F77-673661FEA7CC} = {91CF7717-08AB-4E65-B10E-0B426F01E2E8}
		{F521FFD5-CCDD-4DFD-9243-01617120F931} = {91CF7717-08AB-4E65-B10E-0B426F01E2E8}
		{90AC3AAB-8160-4217-A437-95F39546E5D6} = {91CF7717-08AB-4E65-B10E-0B426F01E2E8}
		{C78E563E-524F-4938-A7D9-A3B622DF10F3} = {91CF7717-08AB-4E65-B10E-0B426F01E2E8}
		{4FFF222F-3935-4F55-B938-D3205BE6E40D} = {91CF7717-08AB-4E65-B10E-0B426F01E2E8}
	EndGlobalSection
	GlobalSection(ExtensibilityGlobals) = postSolution
		SolutionGuid = {25728519-5F0F-4973-8A64-0A81EB4EA8D9}
	EndGlobalSection
EndGlobal
